
Microsoft Visual Studio Solution File, Format Version 12.00
# Visual Studio 15
VisualStudioVersion = 15.0.28307.645
MinimumVisualStudioVersion = 10.0.40219.1
Project("{FAE04EC0-301F-11D3-BF4B-00C04F79EFBC}") = "InterfacesAndPolymorphism", "InterfacesAndPolymorphism\InterfacesAndPolymorphism.csproj", "{7683679B-8B35-40F2-BF1F-D8FD09DEDC64}"
EndProject
Global
	GlobalSection(SolutionConfigurationPlatforms) = preSolution
		Debug|Any CPU = Debug|Any CPU
		Release|Any CPU = Release|Any CPU
	EndGlobalSection
	GlobalSection(ProjectConfigurationPlatforms) = postSolution
		{7683679B-8B35-40F2-BF1F-D8FD09DEDC64}.Debug|Any CPU.ActiveCfg = Debug|Any CPU
		{7683679B-8B35-40F2-BF1F-D8FD09DEDC64}.Debug|Any CPU.Build.0 = Debug|Any CPU
		{7683679B-8B35-40F2-BF1F-D8FD09DEDC64}.Release|Any CPU.ActiveCfg = Release|Any CPU
		{7683679B-8B35-40F2-BF1F-D8FD09DEDC64}.Release|Any CPU.Build.0 = Release|Any CPU
	EndGlobalSection
	GlobalSection(SolutionProperties) = preSolution
		HideSolutionNode = FALSE
	EndGlobalSection
	GlobalSection(ExtensibilityGlobals) = postSolution
		SolutionGuid = {B74E62D9-C271-4352-85EB-4E9821B6E014}
	EndGlobalSection
EndGlobal
